
Microsoft Visual Studio Solution File, Format Version 12.00
# Visual Studio Version 17
VisualStudioVersion = 17.10.35013.160
MinimumVisualStudioVersion = 10.0.40219.1
Project("{9A19103F-16F7-4668-BE54-9A1E7A4F7556}") = "UMLEditor", "UMLEditor\UMLEditor.csproj", "{F8E4A016-96CC-4946-8A89-B952684EF927}"
EndProject
Global
	GlobalSection(SolutionConfigurationPlatforms) = preSolution
		Debug|Any CPU = Debug|Any CPU
		Release|Any CPU = Release|Any CPU
	EndGlobalSection
	GlobalSection(ProjectConfigurationPlatforms) = postSolution
		{F8E4A016-96CC-4946-8A89-B952684EF927}.Debug|Any CPU.ActiveCfg = Debug|Any CPU
		{F8E4A016-96CC-4946-8A89-B952684EF927}.Debug|Any CPU.Build.0 = Debug|Any CPU
		{F8E4A016-96CC-4946-8A89-B952684EF927}.Release|Any CPU.ActiveCfg = Release|Any CPU
		{F8E4A016-96CC-4946-8A89-B952684EF927}.Release|Any CPU.Build.0 = Release|Any CPU
	EndGlobalSection
	GlobalSection(SolutionProperties) = preSolution
		HideSolutionNode = FALSE
	EndGlobalSection
	GlobalSection(ExtensibilityGlobals) = postSolution
		SolutionGuid = {0F73F708-A21B-42B9-ACDB-6FCDB1784E5E}
	EndGlobalSection
EndGlobal
